
Microsoft Visual Studio Solution File, Format Version 12.00
# Visual Studio Version 16
VisualStudioVersion = 16.0.29102.190
MinimumVisualStudioVersion = 10.0.40219.1
Project("{F184B08F-C81C-45F6-A57F-5ABD9991F28F}") = "AppsConDB", "AppsConDB\AppsConDB.vbproj", "{B2879C86-8549-433A-A7FF-8FDA296172B1}"
EndProject
Project("{F184B08F-C81C-45F6-A57F-5ABD9991F28F}") = "ComprasConDataSet", "ComprasConDataSet\ComprasConDataSet.vbproj", "{1C84E845-985A-467F-9C8C-4E444FD1C549}"
EndProject
Global
	GlobalSection(SolutionConfigurationPlatforms) = preSolution
		Debug|Any CPU = Debug|Any CPU
		Release|Any CPU = Release|Any CPU
	EndGlobalSection
	GlobalSection(ProjectConfigurationPlatforms) = postSolution
		{B2879C86-8549-433A-A7FF-8FDA296172B1}.Debug|Any CPU.ActiveCfg = Debug|Any CPU
		{B2879C86-8549-433A-A7FF-8FDA296172B1}.Debug|Any CPU.Build.0 = Debug|Any CPU
		{B2879C86-8549-433A-A7FF-8FDA296172B1}.Release|Any CPU.ActiveCfg = Release|Any CPU
		{B2879C86-8549-433A-A7FF-8FDA296172B1}.Release|Any CPU.Build.0 = Release|Any CPU
		{1C84E845-985A-467F-9C8C-4E444FD1C549}.Debug|Any CPU.ActiveCfg = Debug|Any CPU
		{1C84E845-985A-467F-9C8C-4E444FD1C549}.Debug|Any CPU.Build.0 = Debug|Any CPU
		{1C84E845-985A-467F-9C8C-4E444FD1C549}.Release|Any CPU.ActiveCfg = Release|Any CPU
		{1C84E845-985A-467F-9C8C-4E444FD1C549}.Release|Any CPU.Build.0 = Release|Any CPU
	EndGlobalSection
	GlobalSection(SolutionProperties) = preSolution
		HideSolutionNode = FALSE
	EndGlobalSection
	GlobalSection(ExtensibilityGlobals) = postSolution
		SolutionGuid = {C2D1434F-C464-47EA-8119-E66C412B53E8}
	EndGlobalSection
EndGlobal
